
Microsoft Visual Studio Solution File, Format Version 12.00
# Visual Studio 15
VisualStudioVersion = 15.0.28307.136
MinimumVisualStudioVersion = 10.0.40219.1
Project("{FAE04EC0-301F-11D3-BF4B-00C04F79EFBC}") = "AsyncChat.Service", "AsyncChat.Service\AsyncChat.Service.csproj", "{DD16F3C6-11CB-439E-BA4C-B97C50B07272}"
EndProject
Project("{FAE04EC0-301F-11D3-BF4B-00C04F79EFBC}") = "AsyncChat.Presentation", "AsyncChat.Client\AsyncChat.Presentation.csproj", "{DF9D59BB-11C6-4446-A2B2-4F04BD9A630D}"
EndProject
Project("{FAE04EC0-301F-11D3-BF4B-00C04F79EFBC}") = "AsyncChat.Domain", "AsyncChat.Domain\AsyncChat.Domain.csproj", "{D9FF64BB-C019-42B8-A9DE-E30727728024}"
EndProject
Project("{FAE04EC0-301F-11D3-BF4B-00C04F79EFBC}") = "AsyncChat.Persistence", "AsyncChat.Persistence\AsyncChat.Persistence.csproj", "{08B5FAFF-130F-40DA-BB10-736EAA167033}"
EndProject
Global
	GlobalSection(SolutionConfigurationPlatforms) = preSolution
		Debug|Any CPU = Debug|Any CPU
		Release|Any CPU = Release|Any CPU
	EndGlobalSection
	GlobalSection(ProjectConfigurationPlatforms) = postSolution
		{DD16F3C6-11CB-439E-BA4C-B97C50B07272}.Debug|Any CPU.ActiveCfg = Debug|Any CPU
		{DD16F3C6-11CB-439E-BA4C-B97C50B07272}.Debug|Any CPU.Build.0 = Debug|Any CPU
		{DD16F3C6-11CB-439E-BA4C-B97C50B07272}.Release|Any CPU.ActiveCfg = Release|Any CPU
		{DD16F3C6-11CB-439E-BA4C-B97C50B07272}.Release|Any CPU.Build.0 = Release|Any CPU
		{DF9D59BB-11C6-4446-A2B2-4F04BD9A630D}.Debug|Any CPU.ActiveCfg = Debug|Any CPU
		{DF9D59BB-11C6-4446-A2B2-4F04BD9A630D}.Debug|Any CPU.Build.0 = Debug|Any CPU
		{DF9D59BB-11C6-4446-A2B2-4F04BD9A630D}.Release|Any CPU.ActiveCfg = Release|Any CPU
		{DF9D59BB-11C6-4446-A2B2-4F04BD9A630D}.Release|Any CPU.Build.0 = Release|Any CPU
		{D9FF64BB-C019-42B8-A9DE-E30727728024}.Debug|Any CPU.ActiveCfg = Debug|Any CPU
		{D9FF64BB-C019-42B8-A9DE-E30727728024}.Debug|Any CPU.Build.0 = Debug|Any CPU
		{D9FF64BB-C019-42B8-A9DE-E30727728024}.Release|Any CPU.ActiveCfg = Release|Any CPU
		{D9FF64BB-C019-42B8-A9DE-E30727728024}.Release|Any CPU.Build.0 = Release|Any CPU
		{08B5FAFF-130F-40DA-BB10-736EAA167033}.Debug|Any CPU.ActiveCfg = Debug|Any CPU
		{08B5FAFF-130F-40DA-BB10-736EAA167033}.Debug|Any CPU.Build.0 = Debug|Any CPU
		{08B5FAFF-130F-40DA-BB10-736EAA167033}.Release|Any CPU.ActiveCfg = Release|Any CPU
		{08B5FAFF-130F-40DA-BB10-736EAA167033}.Release|Any CPU.Build.0 = Release|Any CPU
	EndGlobalSection
	GlobalSection(SolutionProperties) = preSolution
		HideSolutionNode = FALSE
	EndGlobalSection
	GlobalSection(ExtensibilityGlobals) = postSolution
		SolutionGuid = {C89A0884-8332-45E1-BFE4-F837A47CC7E0}
	EndGlobalSection
EndGlobal
